
Microsoft Visual Studio Solution File, Format Version 12.00
# Visual Studio Version 17
VisualStudioVersion = 17.4.33205.214
MinimumVisualStudioVersion = 10.0.40219.1
Project("{9A19103F-16F7-4668-BE54-9A1E7A4F7556}") = "RestServer", "NewProtoNet\RestServer.csproj", "{1C8D500D-21BF-43D0-AD84-6CAD1B58333D}"
EndProject
Project("{9A19103F-16F7-4668-BE54-9A1E7A4F7556}") = "Aplication", "Aplication\Aplication.csproj", "{81675CAE-C21D-4BF1-9AE7-5D1036A1B82C}"
EndProject
Project("{9A19103F-16F7-4668-BE54-9A1E7A4F7556}") = "Domain", "Domain\Domain.csproj", "{05891259-74E5-4A6B-AA28-EC6083DDEFDF}"
EndProject
Global
	GlobalSection(SolutionConfigurationPlatforms) = preSolution
		Debug|Any CPU = Debug|Any CPU
		Release|Any CPU = Release|Any CPU
	EndGlobalSection
	GlobalSection(ProjectConfigurationPlatforms) = postSolution
		{1C8D500D-21BF-43D0-AD84-6CAD1B58333D}.Debug|Any CPU.ActiveCfg = Debug|Any CPU
		{1C8D500D-21BF-43D0-AD84-6CAD1B58333D}.Debug|Any CPU.Build.0 = Debug|Any CPU
		{1C8D500D-21BF-43D0-AD84-6CAD1B58333D}.Release|Any CPU.ActiveCfg = Release|Any CPU
		{1C8D500D-21BF-43D0-AD84-6CAD1B58333D}.Release|Any CPU.Build.0 = Release|Any CPU
		{81675CAE-C21D-4BF1-9AE7-5D1036A1B82C}.Debug|Any CPU.ActiveCfg = Debug|Any CPU
		{81675CAE-C21D-4BF1-9AE7-5D1036A1B82C}.Debug|Any CPU.Build.0 = Debug|Any CPU
		{81675CAE-C21D-4BF1-9AE7-5D1036A1B82C}.Release|Any CPU.ActiveCfg = Release|Any CPU
		{81675CAE-C21D-4BF1-9AE7-5D1036A1B82C}.Release|Any CPU.Build.0 = Release|Any CPU
		{05891259-74E5-4A6B-AA28-EC6083DDEFDF}.Debug|Any CPU.ActiveCfg = Debug|Any CPU
		{05891259-74E5-4A6B-AA28-EC6083DDEFDF}.Debug|Any CPU.Build.0 = Debug|Any CPU
		{05891259-74E5-4A6B-AA28-EC6083DDEFDF}.Release|Any CPU.ActiveCfg = Release|Any CPU
		{05891259-74E5-4A6B-AA28-EC6083DDEFDF}.Release|Any CPU.Build.0 = Release|Any CPU
	EndGlobalSection
	GlobalSection(SolutionProperties) = preSolution
		HideSolutionNode = FALSE
	EndGlobalSection
	GlobalSection(ExtensibilityGlobals) = postSolution
		SolutionGuid = {A03004BB-42D7-4D98-90EA-AE1E551EBB3D}
	EndGlobalSection
EndGlobal
